// !$*UTF8*$!
{
	archiveVersion = 1;
	classes = {
	};
	objectVersion = 46;
	objects = {

/* Begin PBXBuildFile section */
		D12299771A3FF82900E4033E /* AppDelegate.swift in Sources */ = {isa = PBXBuildFile; fileRef = D12299761A3FF82900E4033E /* AppDelegate.swift */; };
		D12299791A3FF82900E4033E /* ViewController.swift in Sources */ = {isa = PBXBuildFile; fileRef = D12299781A3FF82900E4033E /* ViewController.swift */; };
		D122997C1A3FF82900E4033E /* Main.storyboard in Resources */ = {isa = PBXBuildFile; fileRef = D122997A1A3FF82900E4033E /* Main.storyboard */; };
		D122997E1A3FF82900E4033E /* Images.xcassets in Resources */ = {isa = PBXBuildFile; fileRef = D122997D1A3FF82900E4033E /* Images.xcassets */; };
		D12299811A3FF82900E4033E /* LaunchScreen.xib in Resources */ = {isa = PBXBuildFile; fileRef = D122997F1A3FF82900E4033E /* LaunchScreen.xib */; };
		D122998D1A3FF82900E4033E /* CascadiaDirectionsTests.swift in Sources */ = {isa = PBXBuildFile; fileRef = D122998C1A3FF82900E4033E /* CascadiaDirectionsTests.swift */; };
/* End PBXBuildFile section */

/* Begin PBXContainerItemProxy section */
		D12299871A3FF82900E4033E /* PBXContainerItemProxy */ = {
			isa = PBXContainerItemProxy;
			containerPortal = D12299691A3FF82900E4033E /* Project object */;
			proxyType = 1;
			remoteGlobalIDString = D12299701A3FF82900E4033E;
			remoteInfo = CascadiaDirections;
		};
/* End PBXContainerItemProxy section */

/* Begin PBXFileReference section */
		D12299711A3FF82900E4033E /* CascadiaDirections.app */ = {isa = PBXFileReference; explicitFileType = wrapper.application; includeInIndex = 0; path = CascadiaDirections.app; sourceTree = BUILT_PRODUCTS_DIR; };
		D12299751A3FF82900E4033E /* Info.plist */ = {isa = PBXFileReference; lastKnownFileType = text.plist.xml; path = Info.plist; sourceTree = "<group>"; };
		D12299761A3FF82900E4033E /* AppDelegate.swift */ = {isa = PBXFileReference; lastKnownFileType = sourcecode.swift; path = AppDelegate.swift; sourceTree = "<group>"; };
		D12299781A3FF82900E4033E /* ViewController.swift */ = {isa = PBXFileReference; lastKnownFileType = sourcecode.swift; path = ViewController.swift; sourceTree = "<group>"; };
		D122997B1A3FF82900E4033E /* Base */ = {isa = PBXFileReference; lastKnownFileType = file.storyboard; name = Base; path = Base.lproj/Main.storyboard; sourceTree = "<group>"; };
		D122997D1A3FF82900E4033E /* Images.xcassets */ = {isa = PBXFileReference; lastKnownFileType = folder.assetcatalog; path = Images.xcassets; sourceTree = "<group>"; };
		D12299801A3FF82900E4033E /* Base */ = {isa = PBXFileReference; lastKnownFileType = file.xib; name = Base; path = Base.lproj/LaunchScreen.xib; sourceTree = "<group>"; };
		D12299861A3FF82900E4033E /* CascadiaDirectionsTests.xctest */ = {isa = PBXFileReference; explicitFileType = wrapper.cfbundle; includeInIndex = 0; path = CascadiaDirectionsTests.xctest; sourceTree = BUILT_PRODUCTS_DIR; };
		D122998B1A3FF82900E4033E /* Info.plist */ = {isa = PBXFileReference; lastKnownFileType = text.plist.xml; path = Info.plist; sourceTree = "<group>"; };
		D122998C1A3FF82900E4033E /* CascadiaDirectionsTests.swift */ = {isa = PBXFileReference; lastKnownFileType = sourcecode.swift; path = CascadiaDirectionsTests.swift; sourceTree = "<group>"; };
/* End PBXFileReference section */

/* Begin PBXFrameworksBuildPhase section */
		D122996E1A3FF82900E4033E /* Frameworks */ = {
			isa = PBXFrameworksBuildPhase;
			buildActionMask = 2147483647;
			files = (
			);
			runOnlyForDeploymentPostprocessing = 0;
		};
		D12299831A3FF82900E4033E /* Frameworks */ = {
			isa = PBXFrameworksBuildPhase;
			buildActionMask = 2147483647;
			files = (
			);
			runOnlyForDeploymentPostprocessing = 0;
		};
/* End PBXFrameworksBuildPhase section */

/* Begin PBXGroup section */
		D12299681A3FF82900E4033E = {
			isa = PBXGroup;
			children = (
				D12299731A3FF82900E4033E /* CascadiaDirections */,
				D12299891A3FF82900E4033E /* CascadiaDirectionsTests */,
				D12299721A3FF82900E4033E /* Products */,
			);
			sourceTree = "<group>";
		};
		D12299721A3FF82900E4033E /* Products */ = {
			isa = PBXGroup;
			children = (
				D12299711A3FF82900E4033E /* CascadiaDirections.app */,
				D12299861A3FF82900E4033E /* CascadiaDirectionsTests.xctest */,
			);
			name = Products;
			sourceTree = "<group>";
		};
		D12299731A3FF82900E4033E /* CascadiaDirections */ = {
			isa = PBXGroup;
			children = (
				D12299761A3FF82900E4033E /* AppDelegate.swift */,
				D12299781A3FF82900E4033E /* ViewController.swift */,
				D122997A1A3FF82900E4033E /* Main.storyboard */,
				D122997D1A3FF82900E4033E /* Images.xcassets */,
				D122997F1A3FF82900E4033E /* LaunchScreen.xib */,
				D12299741A3FF82900E4033E /* Supporting Files */,
			);
			path = CascadiaDirections;
			sourceTree = "<group>";
		};
		D12299741A3FF82900E4033E /* Supporting Files */ = {
			isa = PBXGroup;
			children = (
				D12299751A3FF82900E4033E /* Info.plist */,
			);
			name = "Supporting Files";
			sourceTree = "<group>";
		};
		D12299891A3FF82900E4033E /* CascadiaDirectionsTests */ = {
			isa = PBXGroup;
			children = (
				D122998C1A3FF82900E4033E /* CascadiaDirectionsTests.swift */,
				D122998A1A3FF82900E4033E /* Supporting Files */,
			);
			path = CascadiaDirectionsTests;
			sourceTree = "<group>";
		};
		D122998A1A3FF82900E4033E /* Supporting Files */ = {
			isa = PBXGroup;
			children = (
				D122998B1A3FF82900E4033E /* Info.plist */,
			);
			name = "Supporting Files";
			sourceTree = "<group>";
		};
/* End PBXGroup section */

/* Begin PBXNativeTarget section */
		D12299701A3FF82900E4033E /* CascadiaDirections */ = {
			isa = PBXNativeTarget;
			buildConfigurationList = D12299901A3FF82900E4033E /* Build configuration list for PBXNativeTarget "CascadiaDirections" */;
			buildPhases = (
				D122996D1A3FF82900E4033E /* Sources */,
				D122996E1A3FF82900E4033E /* Frameworks */,
				D122996F1A3FF82900E4033E /* Resources */,
			);
			buildRules = (
			);
			dependencies = (
			);
			name = CascadiaDirections;
			productName = CascadiaDirections;
			productReference = D12299711A3FF82900E4033E /* CascadiaDirections.app */;
			productType = "com.apple.product-type.application";
		};
		D12299851A3FF82900E4033E /* CascadiaDirectionsTests */ = {
			isa = PBXNativeTarget;
			buildConfigurationList = D12299931A3FF82900E4033E /* Build configuration list for PBXNativeTarget "CascadiaDirectionsTests" */;
			buildPhases = (
				D12299821A3FF82900E4033E /* Sources */,
				D12299831A3FF82900E4033E /* Frameworks */,
				D12299841A3FF82900E4033E /* Resources */,
			);
			buildRules = (
			);
			dependencies = (
				D12299881A3FF82900E4033E /* PBXTargetDependency */,
			);
			name = CascadiaDirectionsTests;
			productName = CascadiaDirectionsTests;
			productReference = D12299861A3FF82900E4033E /* CascadiaDirectionsTests.xctest */;
			productType = "com.apple.product-type.bundle.unit-test";
		};
/* End PBXNativeTarget section */

/* Begin PBXProject section */
		D12299691A3FF82900E4033E /* Project object */ = {
			isa = PBXProject;
			attributes = {
				LastUpgradeCheck = 0610;
				ORGANIZATIONNAME = "Cascadia College";
				TargetAttributes = {
					D12299701A3FF82900E4033E = {
						CreatedOnToolsVersion = 6.1.1;
					};
					D12299851A3FF82900E4033E = {
						CreatedOnToolsVersion = 6.1.1;
						TestTargetID = D12299701A3FF82900E4033E;
					};
				};
			};
			buildConfigurationList = D122996C1A3FF82900E4033E /* Build configuration list for PBXProject "CascadiaDirections" */;
			compatibilityVersion = "Xcode 3.2";
			developmentRegion = English;
			hasScannedForEncodings = 0;
			knownRegions = (
				en,
				Base,
			);
			mainGroup = D12299681A3FF82900E4033E;
			productRefGroup = D12299721A3FF82900E4033E /* Products */;
			projectDirPath = "";
			projectRoot = "";
			targets = (
				D12299701A3FF82900E4033E /* CascadiaDirections */,
				D12299851A3FF82900E4033E /* CascadiaDirectionsTests */,
			);
		};
/* End PBXProject section */

/* Begin PBXResourcesBuildPhase section */
		D122996F1A3FF82900E4033E /* Resources */ = {
			isa = PBXResourcesBuildPhase;
			buildActionMask = 2147483647;
			files = (
				D122997C1A3FF82900E4033E /* Main.storyboard in Resources */,
				D12299811A3FF82900E4033E /* LaunchScreen.xib in Resources */,
				D122997E1A3FF82900E4033E /* Images.xcassets in Resources */,
			);
			runOnlyForDeploymentPostprocessing = 0;
		};
		D12299841A3FF82900E4033E /* Resources */ = {
			isa = PBXResourcesBuildPhase;
			buildActionMask = 2147483647;
			files = (
			);
			runOnlyForDeploymentPostprocessing = 0;
		};
/* End PBXResourcesBuildPhase section */

/* Begin PBXSourcesBuildPhase section */
		D122996D1A3FF82900E4033E /* Sources */ = {
			isa = PBXSourcesBuildPhase;
			buildActionMask = 2147483647;
			files = (
				D12299791A3FF82900E4033E /* ViewController.swift in Sources */,
				D12299771A3FF82900E4033E /* AppDelegate.swift in Sources */,
			);
			runOnlyForDeploymentPostprocessing = 0;
		};
		D12299821A3FF82900E4033E /* Sources */ = {
			isa = PBXSourcesBuildPhase;
			buildActionMask = 2147483647;
			files = (
				D122998D1A3FF82900E4033E /* CascadiaDirectionsTests.swift in Sources */,
			);
			runOnlyForDeploymentPostprocessing = 0;
		};
/* End PBXSourcesBuildPhase section */

/* Begin PBXTargetDependency section */
		D12299881A3FF82900E4033E /* PBXTargetDependency */ = {
			isa = PBXTargetDependency;
			target = D12299701A3FF82900E4033E /* CascadiaDirections */;
			targetProxy = D12299871A3FF82900E4033E /* PBXContainerItemProxy */;
		};
/* End PBXTargetDependency section */

/* Begin PBXVariantGroup section */
		D122997A1A3FF82900E4033E /* Main.storyboard */ = {
			isa = PBXVariantGroup;
			children = (
				D122997B1A3FF82900E4033E /* Base */,
			);
			name = Main.storyboard;
			sourceTree = "<group>";
		};
		D122997F1A3FF82900E4033E /* LaunchScreen.xib */ = {
			isa = PBXVariantGroup;
			children = (
				D12299801A3FF82900E4033E /* Base */,
			);
			name = LaunchScreen.xib;
			sourceTree = "<group>";
		};
/* End PBXVariantGroup section */

/* Begin XCBuildConfiguration section */
		D122998E1A3FF82900E4033E /* Debug */ = {
			isa = XCBuildConfiguration;
			buildSettings = {
				ALWAYS_SEARCH_USER_PATHS = NO;
				CLANG_CXX_LANGUAGE_STANDARD = "gnu++0x";
				CLANG_CXX_LIBRARY = "libc++";
				CLANG_ENABLE_MODULES = YES;
				CLANG_ENABLE_OBJC_ARC = YES;
				CLANG_WARN_BOOL_CONVERSION = YES;
				CLANG_WARN_CONSTANT_CONVERSION = YES;
				CLANG_WARN_DIRECT_OBJC_ISA_USAGE = YES_ERROR;
				CLANG_WARN_EMPTY_BODY = YES;
				CLANG_WARN_ENUM_CONVERSION = YES;
				CLANG_WARN_INT_CONVERSION = YES;
				CLANG_WARN_OBJC_ROOT_CLASS = YES_ERROR;
				CLANG_WARN_UNREACHABLE_CODE = YES;
				CLANG_WARN__DUPLICATE_METHOD_MATCH = YES;
				"CODE_SIGN_IDENTITY[sdk=iphoneos*]" = "iPhone Developer";
				COPY_PHASE_STRIP = NO;
				ENABLE_STRICT_OBJC_MSGSEND = YES;
				GCC_C_LANGUAGE_STANDARD = gnu99;
				GCC_DYNAMIC_NO_PIC = NO;
				GCC_OPTIMIZATION_LEVEL = 0;
				GCC_PREPROCESSOR_DEFINITIONS = (
					"DEBUG=1",
					"$(inherited)",
				);
				GCC_SYMBOLS_PRIVATE_EXTERN = NO;
				GCC_WARN_64_TO_32_BIT_CONVERSION = YES;
				GCC_WARN_ABOUT_RETURN_TYPE = YES_ERROR;
				GCC_WARN_UNDECLARED_SELECTOR = YES;
				GCC_WARN_UNINITIALIZED_AUTOS = YES_AGGRESSIVE;
				GCC_WARN_UNUSED_FUNCTION = YES;
				GCC_WARN_UNUSED_VARIABLE = YES;
				IPHONEOS_DEPLOYMENT_TARGET = 8.1;
				MTL_ENABLE_DEBUG_INFO = YES;
				ONLY_ACTIVE_ARCH = YES;
				SDKROOT = iphoneos;
				SWIFT_OPTIMIZATION_LEVEL = "-Onone";
				TARGETED_DEVICE_FAMILY = "1,2";
			};
			name = Debug;
		};
		D122998F1A3FF82900E4033E /* Release */ = {
			isa = XCBuildConfiguration;
			buildSettings = {
				ALWAYS_SEARCH_USER_PATHS = NO;
				CLANG_CXX_LANGUAGE_STANDARD = "gnu++0x";
				CLANG_CXX_LIBRARY = "libc++";
				CLANG_ENABLE_MODULES = YES;
				CLANG_ENABLE_OBJC_ARC = YES;
				CLANG_WARN_BOOL_CONVERSION = YES;
				CLANG_WARN_CONSTANT_CONVERSION = YES;
				CLANG_WARN_DIRECT_OBJC_ISA_USAGE = YES_ERROR;
				CLANG_WARN_EMPTY_BODY = YES;
				CLANG_WARN_ENUM_CONVERSION = YES;
				CLANG_WARN_INT_CONVERSION = YES;
				CLANG_WARN_OBJC_ROOT_CLASS = YES_ERROR;
				CLANG_WARN_UNREACHABLE_CODE = YES;
				CLANG_WARN__DUPLICATE_METHOD_MATCH = YES;
				"CODE_SIGN_IDENTITY[sdk=iphoneos*]" = "iPhone Developer";
				COPY_PHASE_STRIP = YES;
				ENABLE_NS_ASSERTIONS = NO;
				ENABLE_STRICT_OBJC_MSGSEND = YES;
				GCC_C_LANGUAGE_STANDARD = gnu99;
				GCC_WARN_64_TO_32_BIT_CONVERSION = YES;
				GCC_WARN_ABOUT_RETURN_TYPE = YES_ERROR;
				GCC_WARN_UNDECLARED_SELECTOR = YES;
				GCC_WARN_UNINITIALIZED_AUTOS = YES_AGGRESSIVE;
				GCC_WARN_UNUSED_FUNCTION = YES;
				GCC_WARN_UNUSED_VARIABLE = YES;
				IPHONEOS_DEPLOYMENT_TARGET = 8.1;
				MTL_ENABLE_DEBUG_INFO = NO;
				SDKROOT = iphoneos;
				TARGETED_DEVICE_FAMILY = "1,2";
				VALIDATE_PRODUCT = YES;
			};
			name = Release;
		};
		D12299911A3FF82900E4033E /* Debug */ = {
			isa = XCBuildConfiguration;
			buildSettings = {
				ASSETCATALOG_COMPILER_APPICON_NAME = AppIcon;
				INFOPLIST_FILE = CascadiaDirections/Info.plist;
				LD_RUNPATH_SEARCH_PATHS = "$(inherited) @executable_path/Frameworks";
				PRODUCT_NAME = "$(TARGET_NAME)";
			};
			name = Debug;
		};
		D12299921A3FF82900E4033E /* Release */ = {
			isa = XCBuildConfiguration;
			buildSettings = {
				ASSETCATALOG_COMPILER_APPICON_NAME = AppIcon;
				INFOPLIST_FILE = CascadiaDirections/Info.plist;
				LD_RUNPATH_SEARCH_PATHS = "$(inherited) @executable_path/Frameworks";
				PRODUCT_NAME = "$(TARGET_NAME)";
			};
			name = Release;
		};
		D12299941A3FF82900E4033E /* Debug */ = {
			isa = XCBuildConfiguration;
			buildSettings = {
				BUNDLE_LOADER = "$(TEST_HOST)";
				FRAMEWORK_SEARCH_PATHS = (
					"$(SDKROOT)/Developer/Library/Frameworks",
					"$(inherited)",
				);
				GCC_PREPROCESSOR_DEFINITIONS = (
					"DEBUG=1",
					"$(inherited)",
				);
				INFOPLIST_FILE = CascadiaDirectionsTests/Info.plist;
				LD_RUNPATH_SEARCH_PATHS = "$(inherited) @executable_path/Frameworks @loader_path/Frameworks";
				PRODUCT_NAME = "$(TARGET_NAME)";
				TEST_HOST = "$(BUILT_PRODUCTS_DIR)/CascadiaDirections.app/CascadiaDirections";
			};
			name = Debug;
		};
		D12299951A3FF82900E4033E /* Release */ = {
			isa = XCBuildConfiguration;
			buildSettings = {
				BUNDLE_LOADER = "$(TEST_HOST)";
				FRAMEWORK_SEARCH_PATHS = (
					"$(SDKROOT)/Developer/Library/Frameworks",
					"$(inherited)",
				);
				INFOPLIST_FILE = CascadiaDirectionsTests/Info.plist;
				LD_RUNPATH_SEARCH_PATHS = "$(inherited) @executable_path/Frameworks @loader_path/Frameworks";
				PRODUCT_NAME = "$(TARGET_NAME)";
				TEST_HOST = "$(BUILT_PRODUCTS_DIR)/CascadiaDirections.app/CascadiaDirections";
			};
			name = Release;
		};
/* End XCBuildConfiguration section */

/* Begin XCConfigurationList section */
		D122996C1A3FF82900E4033E /* Build configuration list for PBXProject "CascadiaDirections" */ = {
			isa = XCConfigurationList;
			buildConfigurations = (
				D122998E1A3FF82900E4033E /* Debug */,
				D122998F1A3FF82900E4033E /* Release */,
			);
			defaultConfigurationIsVisible = 0;
			defaultConfigurationName = Release;
		};
		D12299901A3FF82900E4033E /* Build configuration list for PBXNativeTarget "CascadiaDirections" */ = {
			isa = XCConfigurationList;
			buildConfigurations = (
				D12299911A3FF82900E4033E /* Debug */,
				D12299921A3FF82900E4033E /* Release */,
			);
			defaultConfigurationIsVisible = 0;
		};
		D12299931A3FF82900E4033E /* Build configuration list for PBXNativeTarget "CascadiaDirectionsTests" */ = {
			isa = XCConfigurationList;
			buildConfigurations = (
				D12299941A3FF82900E4033E /* Debug */,
				D12299951A3FF82900E4033E /* Release */,
			);
			defaultConfigurationIsVisible = 0;
		};
/* End XCConfigurationList section */
	};
	rootObject = D12299691A3FF82900E4033E /* Project object */;
}
